
Microsoft Visual Studio Solution File, Format Version 12.00
# Visual Studio Version 17
VisualStudioVersion = 17.0.31903.59
MinimumVisualStudioVersion = 10.0.40219.1
Project("{FAE04EC0-301F-11D3-BF4B-00C04F79EFBC}") = "Media_Archive_Organizer", "Media_Archive_Organizer.csproj", "{9D863B97-259F-4499-B085-069E1245696F}"
EndProject
Project("{FAE04EC0-301F-11D3-BF4B-00C04F79EFBC}") = "Media_Archive_Organizer.Core", "Media_Archive_Organizer.Core\Media_Archive_Organizer.Core.csproj", "{D8A33754-C01A-4469-BC44-1DCA874BC99B}"
EndProject
Project("{FAE04EC0-301F-11D3-BF4B-00C04F79EFBC}") = "Media_Archive_Organizer.UI", "Media_Archive_Organizer.UI\Media_Archive_Organizer.UI.csproj", "{9ECEA8BD-4B8E-45BF-B064-D98EA368E4E3}"
EndProject
Global
	GlobalSection(SolutionConfigurationPlatforms) = preSolution
		Debug|Any CPU = Debug|Any CPU
		Release|Any CPU = Release|Any CPU
	EndGlobalSection
	GlobalSection(SolutionProperties) = preSolution
		HideSolutionNode = FALSE
	EndGlobalSection
	GlobalSection(ProjectConfigurationPlatforms) = postSolution
		{9D863B97-259F-4499-B085-069E1245696F}.Debug|Any CPU.ActiveCfg = Debug|Any CPU
		{9D863B97-259F-4499-B085-069E1245696F}.Debug|Any CPU.Build.0 = Debug|Any CPU
		{9D863B97-259F-4499-B085-069E1245696F}.Release|Any CPU.ActiveCfg = Release|Any CPU
		{9D863B97-259F-4499-B085-069E1245696F}.Release|Any CPU.Build.0 = Release|Any CPU
		{D8A33754-C01A-4469-BC44-1DCA874BC99B}.Debug|Any CPU.ActiveCfg = Debug|Any CPU
		{D8A33754-C01A-4469-BC44-1DCA874BC99B}.Debug|Any CPU.Build.0 = Debug|Any CPU
		{D8A33754-C01A-4469-BC44-1DCA874BC99B}.Release|Any CPU.ActiveCfg = Release|Any CPU
		{D8A33754-C01A-4469-BC44-1DCA874BC99B}.Release|Any CPU.Build.0 = Release|Any CPU
		{9ECEA8BD-4B8E-45BF-B064-D98EA368E4E3}.Debug|Any CPU.ActiveCfg = Debug|Any CPU
		{9ECEA8BD-4B8E-45BF-B064-D98EA368E4E3}.Debug|Any CPU.Build.0 = Debug|Any CPU
		{9ECEA8BD-4B8E-45BF-B064-D98EA368E4E3}.Release|Any CPU.ActiveCfg = Release|Any CPU
		{9ECEA8BD-4B8E-45BF-B064-D98EA368E4E3}.Release|Any CPU.Build.0 = Release|Any CPU
	EndGlobalSection
EndGlobal
